
Microsoft Visual Studio Solution File, Format Version 12.00
# Visual Studio 15
VisualStudioVersion = 15.0.28307.106
MinimumVisualStudioVersion = 10.0.40219.1
Project("{8BC9CEB8-8B4A-11D0-8D11-00A0C91BC942}") = "cpp-type-system-modern-cpp", "cpp-type-system-modern-cpp\cpp-type-system-modern-cpp.vcxproj", "{33FE5B4A-CB90-4A9F-A69B-8F3F4CA99F18}"
EndProject
Global
	GlobalSection(SolutionConfigurationPlatforms) = preSolution
		Debug|x64 = Debug|x64
		Debug|x86 = Debug|x86
		Release|x64 = Release|x64
		Release|x86 = Release|x86
	EndGlobalSection
	GlobalSection(ProjectConfigurationPlatforms) = postSolution
		{33FE5B4A-CB90-4A9F-A69B-8F3F4CA99F18}.Debug|x64.ActiveCfg = Debug|x64
		{33FE5B4A-CB90-4A9F-A69B-8F3F4CA99F18}.Debug|x64.Build.0 = Debug|x64
		{33FE5B4A-CB90-4A9F-A69B-8F3F4CA99F18}.Debug|x86.ActiveCfg = Debug|Win32
		{33FE5B4A-CB90-4A9F-A69B-8F3F4CA99F18}.Debug|x86.Build.0 = Debug|Win32
		{33FE5B4A-CB90-4A9F-A69B-8F3F4CA99F18}.Release|x64.ActiveCfg = Release|x64
		{33FE5B4A-CB90-4A9F-A69B-8F3F4CA99F18}.Release|x64.Build.0 = Release|x64
		{33FE5B4A-CB90-4A9F-A69B-8F3F4CA99F18}.Release|x86.ActiveCfg = Release|Win32
		{33FE5B4A-CB90-4A9F-A69B-8F3F4CA99F18}.Release|x86.Build.0 = Release|Win32
	EndGlobalSection
	GlobalSection(SolutionProperties) = preSolution
		HideSolutionNode = FALSE
	EndGlobalSection
	GlobalSection(ExtensibilityGlobals) = postSolution
		SolutionGuid = {923C9D56-6F1B-4F1F-AD9D-B9A1FF8E5DDE}
	EndGlobalSection
EndGlobal
